// !$*UTF8*$!
{
	archiveVersion = 1;
	classes = {
	};
	objectVersion = 46;
	objects = {

/* Begin PBXBuildFile section */
		6DD437661DF1C8BE00818F70 /* main.m in Sources */ = {isa = PBXBuildFile; fileRef = 6DD437651DF1C8BE00818F70 /* main.m */; };
		6DD4376C1DF1C8BE00818F70 /* MainScreen.m in Sources */ = {isa = PBXBuildFile; fileRef = 6DD4376B1DF1C8BE00818F70 /* MainScreen.m */; };
		6DD437711DF1C8BE00818F70 /* Assets.xcassets in Resources */ = {isa = PBXBuildFile; fileRef = 6DD437701DF1C8BE00818F70 /* Assets.xcassets */; };
		6DD437741DF1C8BE00818F70 /* LaunchScreen.storyboard in Resources */ = {isa = PBXBuildFile; fileRef = 6DD437721DF1C8BE00818F70 /* LaunchScreen.storyboard */; };
		6DD4377E1DF1CA3300818F70 /* AppDelegate.m in Sources */ = {isa = PBXBuildFile; fileRef = 6DD4377D1DF1CA3300818F70 /* AppDelegate.m */; };
		A082032CABB03F149122F32A /* libPods-Find me.a in Frameworks */ = {isa = PBXBuildFile; fileRef = 019187F1C685979285AFAC10 /* libPods-Find me.a */; };
/* End PBXBuildFile section */

/* Begin PBXFileReference section */
		019187F1C685979285AFAC10 /* libPods-Find me.a */ = {isa = PBXFileReference; explicitFileType = archive.ar; includeInIndex = 0; path = "libPods-Find me.a"; sourceTree = BUILT_PRODUCTS_DIR; };
		6DD437611DF1C8BE00818F70 /* Find me.app */ = {isa = PBXFileReference; explicitFileType = wrapper.application; includeInIndex = 0; path = "Find me.app"; sourceTree = BUILT_PRODUCTS_DIR; };
		6DD437651DF1C8BE00818F70 /* main.m */ = {isa = PBXFileReference; lastKnownFileType = sourcecode.c.objc; path = main.m; sourceTree = "<group>"; };
		6DD4376A1DF1C8BE00818F70 /* MainScreen.h */ = {isa = PBXFileReference; lastKnownFileType = sourcecode.c.h; path = MainScreen.h; sourceTree = "<group>"; };
		6DD4376B1DF1C8BE00818F70 /* MainScreen.m */ = {isa = PBXFileReference; lastKnownFileType = sourcecode.c.objc; path = MainScreen.m; sourceTree = "<group>"; };
		6DD437701DF1C8BE00818F70 /* Assets.xcassets */ = {isa = PBXFileReference; lastKnownFileType = folder.assetcatalog; path = Assets.xcassets; sourceTree = "<group>"; };
		6DD437731DF1C8BE00818F70 /* Base */ = {isa = PBXFileReference; lastKnownFileType = file.storyboard; name = Base; path = Base.lproj/LaunchScreen.storyboard; sourceTree = "<group>"; };
		6DD437751DF1C8BE00818F70 /* Info.plist */ = {isa = PBXFileReference; lastKnownFileType = text.plist.xml; path = Info.plist; sourceTree = "<group>"; };
		6DD4377C1DF1CA3300818F70 /* AppDelegate.h */ = {isa = PBXFileReference; fileEncoding = 4; lastKnownFileType = sourcecode.c.h; path = AppDelegate.h; sourceTree = "<group>"; };
		6DD4377D1DF1CA3300818F70 /* AppDelegate.m */ = {isa = PBXFileReference; fileEncoding = 4; lastKnownFileType = sourcecode.c.objc; path = AppDelegate.m; sourceTree = "<group>"; };
		E6A6BCFE4D01F86983D2BE58 /* Pods-Find me.release.xcconfig */ = {isa = PBXFileReference; includeInIndex = 1; lastKnownFileType = text.xcconfig; name = "Pods-Find me.release.xcconfig"; path = "Pods/Target Support Files/Pods-Find me/Pods-Find me.release.xcconfig"; sourceTree = "<group>"; };
		EE977B274BEF9A83BA491EBE /* Pods-Find me.debug.xcconfig */ = {isa = PBXFileReference; includeInIndex = 1; lastKnownFileType = text.xcconfig; name = "Pods-Find me.debug.xcconfig"; path = "Pods/Target Support Files/Pods-Find me/Pods-Find me.debug.xcconfig"; sourceTree = "<group>"; };
/* End PBXFileReference section */

/* Begin PBXFrameworksBuildPhase section */
		6DD4375E1DF1C8BE00818F70 /* Frameworks */ = {
			isa = PBXFrameworksBuildPhase;
			buildActionMask = 2147483647;
			files = (
				A082032CABB03F149122F32A /* libPods-Find me.a in Frameworks */,
			);
			runOnlyForDeploymentPostprocessing = 0;
		};
/* End PBXFrameworksBuildPhase section */

/* Begin PBXGroup section */
		34EEF9F09B96B5CAA03416B5 /* Pods */ = {
			isa = PBXGroup;
			children = (
				EE977B274BEF9A83BA491EBE /* Pods-Find me.debug.xcconfig */,
				E6A6BCFE4D01F86983D2BE58 /* Pods-Find me.release.xcconfig */,
			);
			name = Pods;
			sourceTree = "<group>";
		};
		6D6B38FE1DF1CBB300DD8057 /* Model */ = {
			isa = PBXGroup;
			children = (
			);
			path = Model;
			sourceTree = "<group>";
		};
		6D6B38FF1DF1CBB300DD8057 /* UI */ = {
			isa = PBXGroup;
			children = (
			);
			path = UI;
			sourceTree = "<group>";
		};
		6DD437581DF1C8BE00818F70 = {
			isa = PBXGroup;
			children = (
				6DD437631DF1C8BE00818F70 /* Find me */,
				6DD437621DF1C8BE00818F70 /* Products */,
				34EEF9F09B96B5CAA03416B5 /* Pods */,
				DAEA2FF46C177C8713B1B743 /* Frameworks */,
			);
			sourceTree = "<group>";
		};
		6DD437621DF1C8BE00818F70 /* Products */ = {
			isa = PBXGroup;
			children = (
				6DD437611DF1C8BE00818F70 /* Find me.app */,
			);
			name = Products;
			sourceTree = "<group>";
		};
		6DD437631DF1C8BE00818F70 /* Find me */ = {
			isa = PBXGroup;
			children = (
				6DD4377B1DF1CA3300818F70 /* AppDelegate */,
				6D6B38FE1DF1CBB300DD8057 /* Model */,
				6D6B38FF1DF1CBB300DD8057 /* UI */,
				6DD4376A1DF1C8BE00818F70 /* MainScreen.h */,
				6DD4376B1DF1C8BE00818F70 /* MainScreen.m */,
				6DD437641DF1C8BE00818F70 /* Supporting Files */,
			);
			path = "Find me";
			sourceTree = "<group>";
		};
		6DD437641DF1C8BE00818F70 /* Supporting Files */ = {
			isa = PBXGroup;
			children = (
				6DD437701DF1C8BE00818F70 /* Assets.xcassets */,
				6DD437721DF1C8BE00818F70 /* LaunchScreen.storyboard */,
				6DD437751DF1C8BE00818F70 /* Info.plist */,
				6DD437651DF1C8BE00818F70 /* main.m */,
			);
			name = "Supporting Files";
			sourceTree = "<group>";
		};
		6DD4377B1DF1CA3300818F70 /* AppDelegate */ = {
			isa = PBXGroup;
			children = (
				6DD4377C1DF1CA3300818F70 /* AppDelegate.h */,
				6DD4377D1DF1CA3300818F70 /* AppDelegate.m */,
			);
			path = AppDelegate;
			sourceTree = "<group>";
		};
		DAEA2FF46C177C8713B1B743 /* Frameworks */ = {
			isa = PBXGroup;
			children = (
				019187F1C685979285AFAC10 /* libPods-Find me.a */,
			);
			name = Frameworks;
			sourceTree = "<group>";
		};
/* End PBXGroup section */

/* Begin PBXNativeTarget section */
		6DD437601DF1C8BE00818F70 /* Find me */ = {
			isa = PBXNativeTarget;
			buildConfigurationList = 6DD437781DF1C8BE00818F70 /* Build configuration list for PBXNativeTarget "Find me" */;
			buildPhases = (
				CDF2948422521A131A539344 /* [CP] Check Pods Manifest.lock */,
				6DD4375D1DF1C8BE00818F70 /* Sources */,
				6DD4375E1DF1C8BE00818F70 /* Frameworks */,
				6DD4375F1DF1C8BE00818F70 /* Resources */,
				A014288DE94E5C1E9E405B6F /* [CP] Embed Pods Frameworks */,
				9B5627E017F91CDD0CCE41FF /* [CP] Copy Pods Resources */,
			);
			buildRules = (
			);
			dependencies = (
			);
			name = "Find me";
			productName = "Find me";
			productReference = 6DD437611DF1C8BE00818F70 /* Find me.app */;
			productType = "com.apple.product-type.application";
		};
/* End PBXNativeTarget section */

/* Begin PBXProject section */
		6DD437591DF1C8BE00818F70 /* Project object */ = {
			isa = PBXProject;
			attributes = {
				LastUpgradeCheck = 0820;
				ORGANIZATIONNAME = com.apple.findme;
				TargetAttributes = {
					6DD437601DF1C8BE00818F70 = {
						CreatedOnToolsVersion = 8.2;
						ProvisioningStyle = Automatic;
					};
				};
			};
			buildConfigurationList = 6DD4375C1DF1C8BE00818F70 /* Build configuration list for PBXProject "Find me" */;
			compatibilityVersion = "Xcode 3.2";
			developmentRegion = English;
			hasScannedForEncodings = 0;
			knownRegions = (
				en,
				Base,
			);
			mainGroup = 6DD437581DF1C8BE00818F70;
			productRefGroup = 6DD437621DF1C8BE00818F70 /* Products */;
			projectDirPath = "";
			projectRoot = "";
			targets = (
				6DD437601DF1C8BE00818F70 /* Find me */,
			);
		};
/* End PBXProject section */

/* Begin PBXResourcesBuildPhase section */
		6DD4375F1DF1C8BE00818F70 /* Resources */ = {
			isa = PBXResourcesBuildPhase;
			buildActionMask = 2147483647;
			files = (
				6DD437741DF1C8BE00818F70 /* LaunchScreen.storyboard in Resources */,
				6DD437711DF1C8BE00818F70 /* Assets.xcassets in Resources */,
			);
			runOnlyForDeploymentPostprocessing = 0;
		};
/* End PBXResourcesBuildPhase section */

/* Begin PBXShellScriptBuildPhase section */
		9B5627E017F91CDD0CCE41FF /* [CP] Copy Pods Resources */ = {
			isa = PBXShellScriptBuildPhase;
			buildActionMask = 2147483647;
			files = (
			);
			inputPaths = (
			);
			name = "[CP] Copy Pods Resources";
			outputPaths = (
			);
			runOnlyForDeploymentPostprocessing = 0;
			shellPath = /bin/sh;
			shellScript = "\"${SRCROOT}/Pods/Target Support Files/Pods-Find me/Pods-Find me-resources.sh\"\n";
			showEnvVarsInLog = 0;
		};
		A014288DE94E5C1E9E405B6F /* [CP] Embed Pods Frameworks */ = {
			isa = PBXShellScriptBuildPhase;
			buildActionMask = 2147483647;
			files = (
			);
			inputPaths = (
			);
			name = "[CP] Embed Pods Frameworks";
			outputPaths = (
			);
			runOnlyForDeploymentPostprocessing = 0;
			shellPath = /bin/sh;
			shellScript = "\"${SRCROOT}/Pods/Target Support Files/Pods-Find me/Pods-Find me-frameworks.sh\"\n";
			showEnvVarsInLog = 0;
		};
		CDF2948422521A131A539344 /* [CP] Check Pods Manifest.lock */ = {
			isa = PBXShellScriptBuildPhase;
			buildActionMask = 2147483647;
			files = (
			);
			inputPaths = (
			);
			name = "[CP] Check Pods Manifest.lock";
			outputPaths = (
			);
			runOnlyForDeploymentPostprocessing = 0;
			shellPath = /bin/sh;
			shellScript = "diff \"${PODS_ROOT}/../Podfile.lock\" \"${PODS_ROOT}/Manifest.lock\" > /dev/null\nif [ $? != 0 ] ; then\n    # print error to STDERR\n    echo \"error: The sandbox is not in sync with the Podfile.lock. Run 'pod install' or update your CocoaPods installation.\" >&2\n    exit 1\nfi\n";
			showEnvVarsInLog = 0;
		};
/* End PBXShellScriptBuildPhase section */

/* Begin PBXSourcesBuildPhase section */
		6DD4375D1DF1C8BE00818F70 /* Sources */ = {
			isa = PBXSourcesBuildPhase;
			buildActionMask = 2147483647;
			files = (
				6DD4376C1DF1C8BE00818F70 /* MainScreen.m in Sources */,
				6DD437661DF1C8BE00818F70 /* main.m in Sources */,
				6DD4377E1DF1CA3300818F70 /* AppDelegate.m in Sources */,
			);
			runOnlyForDeploymentPostprocessing = 0;
		};
/* End PBXSourcesBuildPhase section */

/* Begin PBXVariantGroup section */
		6DD437721DF1C8BE00818F70 /* LaunchScreen.storyboard */ = {
			isa = PBXVariantGroup;
			children = (
				6DD437731DF1C8BE00818F70 /* Base */,
			);
			name = LaunchScreen.storyboard;
			sourceTree = "<group>";
		};
/* End PBXVariantGroup section */

/* Begin XCBuildConfiguration section */
		6DD437761DF1C8BE00818F70 /* Debug */ = {
			isa = XCBuildConfiguration;
			buildSettings = {
				ALWAYS_SEARCH_USER_PATHS = NO;
				CLANG_ANALYZER_NONNULL = YES;
				CLANG_CXX_LANGUAGE_STANDARD = "gnu++0x";
				CLANG_CXX_LIBRARY = "libc++";
				CLANG_ENABLE_MODULES = YES;
				CLANG_ENABLE_OBJC_ARC = YES;
				CLANG_WARN_BOOL_CONVERSION = YES;
				CLANG_WARN_CONSTANT_CONVERSION = YES;
				CLANG_WARN_DIRECT_OBJC_ISA_USAGE = YES_ERROR;
				CLANG_WARN_DOCUMENTATION_COMMENTS = YES;
				CLANG_WARN_EMPTY_BODY = YES;
				CLANG_WARN_ENUM_CONVERSION = YES;
				CLANG_WARN_INFINITE_RECURSION = YES;
				CLANG_WARN_INT_CONVERSION = YES;
				CLANG_WARN_OBJC_ROOT_CLASS = YES_ERROR;
				CLANG_WARN_SUSPICIOUS_MOVE = YES;
				CLANG_WARN_UNREACHABLE_CODE = YES;
				CLANG_WARN__DUPLICATE_METHOD_MATCH = YES;
				"CODE_SIGN_IDENTITY[sdk=iphoneos*]" = "iPhone Developer";
				COPY_PHASE_STRIP = NO;
				DEBUG_INFORMATION_FORMAT = dwarf;
				ENABLE_STRICT_OBJC_MSGSEND = YES;
				ENABLE_TESTABILITY = YES;
				GCC_C_LANGUAGE_STANDARD = gnu99;
				GCC_DYNAMIC_NO_PIC = NO;
				GCC_NO_COMMON_BLOCKS = YES;
				GCC_OPTIMIZATION_LEVEL = 0;
				GCC_PREPROCESSOR_DEFINITIONS = (
					"DEBUG=1",
					"$(inherited)",
				);
				GCC_WARN_64_TO_32_BIT_CONVERSION = YES;
				GCC_WARN_ABOUT_RETURN_TYPE = YES_ERROR;
				GCC_WARN_UNDECLARED_SELECTOR = YES;
				GCC_WARN_UNINITIALIZED_AUTOS = YES_AGGRESSIVE;
				GCC_WARN_UNUSED_FUNCTION = YES;
				GCC_WARN_UNUSED_VARIABLE = YES;
				IPHONEOS_DEPLOYMENT_TARGET = 10.2;
				MTL_ENABLE_DEBUG_INFO = YES;
				ONLY_ACTIVE_ARCH = YES;
				SDKROOT = iphoneos;
			};
			name = Debug;
		};
		6DD437771DF1C8BE00818F70 /* Release */ = {
			isa = XCBuildConfiguration;
			buildSettings = {
				ALWAYS_SEARCH_USER_PATHS = NO;
				CLANG_ANALYZER_NONNULL = YES;
				CLANG_CXX_LANGUAGE_STANDARD = "gnu++0x";
				CLANG_CXX_LIBRARY = "libc++";
				CLANG_ENABLE_MODULES = YES;
				CLANG_ENABLE_OBJC_ARC = YES;
				CLANG_WARN_BOOL_CONVERSION = YES;
				CLANG_WARN_CONSTANT_CONVERSION = YES;
				CLANG_WARN_DIRECT_OBJC_ISA_USAGE = YES_ERROR;
				CLANG_WARN_DOCUMENTATION_COMMENTS = YES;
				CLANG_WARN_EMPTY_BODY = YES;
				CLANG_WARN_ENUM_CONVERSION = YES;
				CLANG_WARN_INFINITE_RECURSION = YES;
				CLANG_WARN_INT_CONVERSION = YES;
				CLANG_WARN_OBJC_ROOT_CLASS = YES_ERROR;
				CLANG_WARN_SUSPICIOUS_MOVE = YES;
				CLANG_WARN_UNREACHABLE_CODE = YES;
				CLANG_WARN__DUPLICATE_METHOD_MATCH = YES;
				"CODE_SIGN_IDENTITY[sdk=iphoneos*]" = "iPhone Developer";
				COPY_PHASE_STRIP = NO;
				DEBUG_INFORMATION_FORMAT = "dwarf-with-dsym";
				ENABLE_NS_ASSERTIONS = NO;
				ENABLE_STRICT_OBJC_MSGSEND = YES;
				GCC_C_LANGUAGE_STANDARD = gnu99;
				GCC_NO_COMMON_BLOCKS = YES;
				GCC_WARN_64_TO_32_BIT_CONVERSION = YES;
				GCC_WARN_ABOUT_RETURN_TYPE = YES_ERROR;
				GCC_WARN_UNDECLARED_SELECTOR = YES;
				GCC_WARN_UNINITIALIZED_AUTOS = YES_AGGRESSIVE;
				GCC_WARN_UNUSED_FUNCTION = YES;
				GCC_WARN_UNUSED_VARIABLE = YES;
				IPHONEOS_DEPLOYMENT_TARGET = 10.2;
				MTL_ENABLE_DEBUG_INFO = NO;
				SDKROOT = iphoneos;
				VALIDATE_PRODUCT = YES;
			};
			name = Release;
		};
		6DD437791DF1C8BE00818F70 /* Debug */ = {
			isa = XCBuildConfiguration;
			baseConfigurationReference = EE977B274BEF9A83BA491EBE /* Pods-Find me.debug.xcconfig */;
			buildSettings = {
				ASSETCATALOG_COMPILER_APPICON_NAME = AppIcon;
				INFOPLIST_FILE = "Find me/Info.plist";
				IPHONEOS_DEPLOYMENT_TARGET = 8.0;
				LD_RUNPATH_SEARCH_PATHS = "$(inherited) @executable_path/Frameworks";
				PRODUCT_BUNDLE_IDENTIFIER = "com.apple.findme.Find-me";
				PRODUCT_NAME = "$(TARGET_NAME)";
			};
			name = Debug;
		};
		6DD4377A1DF1C8BE00818F70 /* Release */ = {
			isa = XCBuildConfiguration;
			baseConfigurationReference = E6A6BCFE4D01F86983D2BE58 /* Pods-Find me.release.xcconfig */;
			buildSettings = {
				ASSETCATALOG_COMPILER_APPICON_NAME = AppIcon;
				INFOPLIST_FILE = "Find me/Info.plist";
				IPHONEOS_DEPLOYMENT_TARGET = 8.0;
				LD_RUNPATH_SEARCH_PATHS = "$(inherited) @executable_path/Frameworks";
				PRODUCT_BUNDLE_IDENTIFIER = "com.apple.findme.Find-me";
				PRODUCT_NAME = "$(TARGET_NAME)";
			};
			name = Release;
		};
/* End XCBuildConfiguration section */

/* Begin XCConfigurationList section */
		6DD4375C1DF1C8BE00818F70 /* Build configuration list for PBXProject "Find me" */ = {
			isa = XCConfigurationList;
			buildConfigurations = (
				6DD437761DF1C8BE00818F70 /* Debug */,
				6DD437771DF1C8BE00818F70 /* Release */,
			);
			defaultConfigurationIsVisible = 0;
			defaultConfigurationName = Release;
		};
		6DD437781DF1C8BE00818F70 /* Build configuration list for PBXNativeTarget "Find me" */ = {
			isa = XCConfigurationList;
			buildConfigurations = (
				6DD437791DF1C8BE00818F70 /* Debug */,
				6DD4377A1DF1C8BE00818F70 /* Release */,
			);
			defaultConfigurationIsVisible = 0;
			defaultConfigurationName = Release;
		};
/* End XCConfigurationList section */
	};
	rootObject = 6DD437591DF1C8BE00818F70 /* Project object */;
}
